
Microsoft Visual Studio Solution File, Format Version 12.00
# Visual Studio Version 17
VisualStudioVersion = 17.14.37012.4 d17.14
MinimumVisualStudioVersion = 10.0.40219.1
Project("{FAE04EC0-301F-11D3-BF4B-00C04F79EFBC}") = "Lernperiode 11", "Lernperiode 11.csproj", "{3333A6E9-F03E-4F3A-AD10-76334ACFD1F8}"
EndProject
Global
	GlobalSection(SolutionConfigurationPlatforms) = preSolution
		Debug|Any CPU = Debug|Any CPU
		Release|Any CPU = Release|Any CPU
	EndGlobalSection
	GlobalSection(ProjectConfigurationPlatforms) = postSolution
		{3333A6E9-F03E-4F3A-AD10-76334ACFD1F8}.Debug|Any CPU.ActiveCfg = Debug|Any CPU
		{3333A6E9-F03E-4F3A-AD10-76334ACFD1F8}.Debug|Any CPU.Build.0 = Debug|Any CPU
		{3333A6E9-F03E-4F3A-AD10-76334ACFD1F8}.Release|Any CPU.ActiveCfg = Release|Any CPU
		{3333A6E9-F03E-4F3A-AD10-76334ACFD1F8}.Release|Any CPU.Build.0 = Release|Any CPU
	EndGlobalSection
	GlobalSection(SolutionProperties) = preSolution
		HideSolutionNode = FALSE
	EndGlobalSection
	GlobalSection(ExtensibilityGlobals) = postSolution
		SolutionGuid = {9D051E26-A2D0-44D4-AEA9-48B21B2DDFCB}
	EndGlobalSection
EndGlobal
